
Microsoft Visual Studio Solution File, Format Version 12.00
# Visual Studio Version 17
VisualStudioVersion = 17.12.35527.113
MinimumVisualStudioVersion = 10.0.40219.1
Project("{FAE04EC0-301F-11D3-BF4B-00C04F79EFBC}") = "MackMultiBot.Bancho", "MackMultiBot.Bancho\MackMultiBot.Bancho.csproj", "{C67F4C5A-1B1F-4AE3-A22F-9DA1DC17F80B}"
EndProject
Project("{FAE04EC0-301F-11D3-BF4B-00C04F79EFBC}") = "MackMultiBot", "MackMultiBot\MackMultiBot.csproj", "{22D79F0D-9592-43BD-80F5-EC65FC034BC7}"
EndProject
Project("{FAE04EC0-301F-11D3-BF4B-00C04F79EFBC}") = "MackMultiBot.Database", "MackMultiBot.Database\MackMultiBot.Database.csproj", "{7EB91F62-E62D-46DB-A9C8-557ADF12460B}"
EndProject
Project("{FAE04EC0-301F-11D3-BF4B-00C04F79EFBC}") = "MackMultiBot.OsuData", "MackMultiBot.OsuData\MackMultiBot.OsuData.csproj", "{B6279074-477A-43F6-B04A-9F6582253631}"
EndProject
Project("{FAE04EC0-301F-11D3-BF4B-00C04F79EFBC}") = "MackMultiBot.Logging", "MackMultiBot.Logging\MackMultiBot.Logging.csproj", "{53C464C4-B0E5-4CE9-9731-D5A1597DBDBC}"
EndProject
Global
	GlobalSection(SolutionConfigurationPlatforms) = preSolution
		Debug|Any CPU = Debug|Any CPU
		Release|Any CPU = Release|Any CPU
	EndGlobalSection
	GlobalSection(ProjectConfigurationPlatforms) = postSolution
		{C67F4C5A-1B1F-4AE3-A22F-9DA1DC17F80B}.Debug|Any CPU.ActiveCfg = Debug|Any CPU
		{C67F4C5A-1B1F-4AE3-A22F-9DA1DC17F80B}.Debug|Any CPU.Build.0 = Debug|Any CPU
		{C67F4C5A-1B1F-4AE3-A22F-9DA1DC17F80B}.Release|Any CPU.ActiveCfg = Release|Any CPU
		{C67F4C5A-1B1F-4AE3-A22F-9DA1DC17F80B}.Release|Any CPU.Build.0 = Release|Any CPU
		{22D79F0D-9592-43BD-80F5-EC65FC034BC7}.Debug|Any CPU.ActiveCfg = Debug|Any CPU
		{22D79F0D-9592-43BD-80F5-EC65FC034BC7}.Debug|Any CPU.Build.0 = Debug|Any CPU
		{22D79F0D-9592-43BD-80F5-EC65FC034BC7}.Release|Any CPU.ActiveCfg = Release|Any CPU
		{22D79F0D-9592-43BD-80F5-EC65FC034BC7}.Release|Any CPU.Build.0 = Release|Any CPU
		{7EB91F62-E62D-46DB-A9C8-557ADF12460B}.Debug|Any CPU.ActiveCfg = Debug|Any CPU
		{7EB91F62-E62D-46DB-A9C8-557ADF12460B}.Debug|Any CPU.Build.0 = Debug|Any CPU
		{7EB91F62-E62D-46DB-A9C8-557ADF12460B}.Release|Any CPU.ActiveCfg = Release|Any CPU
		{7EB91F62-E62D-46DB-A9C8-557ADF12460B}.Release|Any CPU.Build.0 = Release|Any CPU
		{B6279074-477A-43F6-B04A-9F6582253631}.Debug|Any CPU.ActiveCfg = Debug|Any CPU
		{B6279074-477A-43F6-B04A-9F6582253631}.Debug|Any CPU.Build.0 = Debug|Any CPU
		{B6279074-477A-43F6-B04A-9F6582253631}.Release|Any CPU.ActiveCfg = Release|Any CPU
		{B6279074-477A-43F6-B04A-9F6582253631}.Release|Any CPU.Build.0 = Release|Any CPU
		{53C464C4-B0E5-4CE9-9731-D5A1597DBDBC}.Debug|Any CPU.ActiveCfg = Debug|Any CPU
		{53C464C4-B0E5-4CE9-9731-D5A1597DBDBC}.Debug|Any CPU.Build.0 = Debug|Any CPU
		{53C464C4-B0E5-4CE9-9731-D5A1597DBDBC}.Release|Any CPU.ActiveCfg = Release|Any CPU
		{53C464C4-B0E5-4CE9-9731-D5A1597DBDBC}.Release|Any CPU.Build.0 = Release|Any CPU
	EndGlobalSection
	GlobalSection(SolutionProperties) = preSolution
		HideSolutionNode = FALSE
	EndGlobalSection
	GlobalSection(ExtensibilityGlobals) = postSolution
		SolutionGuid = {31824322-BAA6-4B7F-9620-EF793B89D2D8}
	EndGlobalSection
EndGlobal
